
Microsoft Visual Studio Solution File, Format Version 12.00
# Visual Studio Version 17
VisualStudioVersion = 17.0.31903.59
MinimumVisualStudioVersion = 10.0.40219.1
Project("{2150E333-8FDC-42A3-9474-1A3956D46DE8}") = "core", "core", "{7A323C67-8733-402E-9190-E18F764A0B45}"
EndProject
Project("{FAE04EC0-301F-11D3-BF4B-00C04F79EFBC}") = "Forwarder.Core", "core\Forwarder.Core\Forwarder.Core.csproj", "{EA795AFF-1232-4153-B459-09E318BA43E8}"
EndProject
Project("{2150E333-8FDC-42A3-9474-1A3956D46DE8}") = "connectors", "connectors", "{CFB01A00-CBA9-45CF-BA7E-FF82F5C83976}"
EndProject
Project("{FAE04EC0-301F-11D3-BF4B-00C04F79EFBC}") = "PIFabricForwarder", "connectors\pi-forwarder\PIFabricForwarder.csproj", "{D43E3EA7-157B-4A49-910B-12D655DCFB7B}"
EndProject
Project("{FAE04EC0-301F-11D3-BF4B-00C04F79EFBC}") = "DbForwarder", "connectors\db-forwarder\DbForwarder.csproj", "{050C4648-DD34-478C-8C7F-47682F4A8944}"
EndProject
Global
	GlobalSection(SolutionConfigurationPlatforms) = preSolution
		Debug|Any CPU = Debug|Any CPU
		Release|Any CPU = Release|Any CPU
	EndGlobalSection
	GlobalSection(SolutionProperties) = preSolution
		HideSolutionNode = FALSE
	EndGlobalSection
	GlobalSection(ProjectConfigurationPlatforms) = postSolution
		{EA795AFF-1232-4153-B459-09E318BA43E8}.Debug|Any CPU.ActiveCfg = Debug|Any CPU
		{EA795AFF-1232-4153-B459-09E318BA43E8}.Debug|Any CPU.Build.0 = Debug|Any CPU
		{EA795AFF-1232-4153-B459-09E318BA43E8}.Release|Any CPU.ActiveCfg = Release|Any CPU
		{EA795AFF-1232-4153-B459-09E318BA43E8}.Release|Any CPU.Build.0 = Release|Any CPU
		{D43E3EA7-157B-4A49-910B-12D655DCFB7B}.Debug|Any CPU.ActiveCfg = Debug|Any CPU
		{D43E3EA7-157B-4A49-910B-12D655DCFB7B}.Debug|Any CPU.Build.0 = Debug|Any CPU
		{D43E3EA7-157B-4A49-910B-12D655DCFB7B}.Release|Any CPU.ActiveCfg = Release|Any CPU
		{D43E3EA7-157B-4A49-910B-12D655DCFB7B}.Release|Any CPU.Build.0 = Release|Any CPU
		{050C4648-DD34-478C-8C7F-47682F4A8944}.Debug|Any CPU.ActiveCfg = Debug|Any CPU
		{050C4648-DD34-478C-8C7F-47682F4A8944}.Debug|Any CPU.Build.0 = Debug|Any CPU
		{050C4648-DD34-478C-8C7F-47682F4A8944}.Release|Any CPU.ActiveCfg = Release|Any CPU
		{050C4648-DD34-478C-8C7F-47682F4A8944}.Release|Any CPU.Build.0 = Release|Any CPU
	EndGlobalSection
	GlobalSection(NestedProjects) = preSolution
		{EA795AFF-1232-4153-B459-09E318BA43E8} = {7A323C67-8733-402E-9190-E18F764A0B45}
		{D43E3EA7-157B-4A49-910B-12D655DCFB7B} = {CFB01A00-CBA9-45CF-BA7E-FF82F5C83976}
		{050C4648-DD34-478C-8C7F-47682F4A8944} = {CFB01A00-CBA9-45CF-BA7E-FF82F5C83976}
	EndGlobalSection
EndGlobal
